
Microsoft Visual Studio Solution File, Format Version 12.00
# Visual Studio Version 17
VisualStudioVersion = 17.8.34316.72
MinimumVisualStudioVersion = 10.0.40219.1
Project("{9A19103F-16F7-4668-BE54-9A1E7A4F7556}") = "DISample", "src\8.x\DISample\DISample.csproj", "{90C85420-6E54-49EA-B36A-8A60201FC4F1}"
EndProject
Project("{9A19103F-16F7-4668-BE54-9A1E7A4F7556}") = "AspNetCore", "src\8.x\AspNetCore\AspNetCore.csproj", "{0CF91945-3C02-4837-A513-7BE8FAB04F10}"
EndProject
Project("{9A19103F-16F7-4668-BE54-9A1E7A4F7556}") = "Basic", "src\8.x\Basic\Basic.csproj", "{094C60AF-C39F-4CF3-9273-6A41D1771652}"
EndProject
Project("{9A19103F-16F7-4668-BE54-9A1E7A4F7556}") = "BasicUsingNET", "src\8.x\BasicUsingNET\BasicUsingNET.csproj", "{F2B541F4-3B58-4365-A784-0EA1B59910B7}"
EndProject
Project("{9A19103F-16F7-4668-BE54-9A1E7A4F7556}") = "RegisterGroups", "src\8.x\RegisterGroups\RegisterGroups.csproj", "{2D407423-AE55-46BA-B0E9-01E102C8410D}"
EndProject
Project("{FAE04EC0-301F-11D3-BF4B-00C04F79EFBC}") = "Lifetimes", "src\8.x\Lifetimes\Lifetimes.csproj", "{59C71231-4050-4E9D-B8F8-F41E8EA50F72}"
EndProject
Project("{FAE04EC0-301F-11D3-BF4B-00C04F79EFBC}") = "Options", "src\8.x\Options\Options.csproj", "{38A22343-4D76-4341-8C37-33D7A57D8233}"
EndProject
Project("{FAE04EC0-301F-11D3-BF4B-00C04F79EFBC}") = "MultipleImplementations", "src\8.x\MultipleImplementations\MultipleImplementations.csproj", "{7200A022-294B-46D8-A1C3-08F9F89A6810}"
EndProject
Project("{FAE04EC0-301F-11D3-BF4B-00C04F79EFBC}") = "ConstructorInjection", "src\8.x\ActivatorUtilities\ConstructorInjection.csproj", "{1719275A-FA74-4C73-BA49-A18BF9C96954}"
EndProject
Project("{FAE04EC0-301F-11D3-BF4B-00C04F79EFBC}") = "Generics", "src\8.x\Generics\Generics.csproj", "{335698EB-F915-4480-A60F-562294544654}"
EndProject
Global
	GlobalSection(SolutionConfigurationPlatforms) = preSolution
		Debug|Any CPU = Debug|Any CPU
		Release|Any CPU = Release|Any CPU
	EndGlobalSection
	GlobalSection(ProjectConfigurationPlatforms) = postSolution
		{90C85420-6E54-49EA-B36A-8A60201FC4F1}.Debug|Any CPU.ActiveCfg = Debug|Any CPU
		{90C85420-6E54-49EA-B36A-8A60201FC4F1}.Debug|Any CPU.Build.0 = Debug|Any CPU
		{90C85420-6E54-49EA-B36A-8A60201FC4F1}.Release|Any CPU.ActiveCfg = Release|Any CPU
		{90C85420-6E54-49EA-B36A-8A60201FC4F1}.Release|Any CPU.Build.0 = Release|Any CPU
		{0CF91945-3C02-4837-A513-7BE8FAB04F10}.Debug|Any CPU.ActiveCfg = Debug|Any CPU
		{0CF91945-3C02-4837-A513-7BE8FAB04F10}.Debug|Any CPU.Build.0 = Debug|Any CPU
		{0CF91945-3C02-4837-A513-7BE8FAB04F10}.Release|Any CPU.ActiveCfg = Release|Any CPU
		{0CF91945-3C02-4837-A513-7BE8FAB04F10}.Release|Any CPU.Build.0 = Release|Any CPU
		{094C60AF-C39F-4CF3-9273-6A41D1771652}.Debug|Any CPU.ActiveCfg = Debug|Any CPU
		{094C60AF-C39F-4CF3-9273-6A41D1771652}.Debug|Any CPU.Build.0 = Debug|Any CPU
		{094C60AF-C39F-4CF3-9273-6A41D1771652}.Release|Any CPU.ActiveCfg = Release|Any CPU
		{094C60AF-C39F-4CF3-9273-6A41D1771652}.Release|Any CPU.Build.0 = Release|Any CPU
		{F2B541F4-3B58-4365-A784-0EA1B59910B7}.Debug|Any CPU.ActiveCfg = Debug|Any CPU
		{F2B541F4-3B58-4365-A784-0EA1B59910B7}.Debug|Any CPU.Build.0 = Debug|Any CPU
		{F2B541F4-3B58-4365-A784-0EA1B59910B7}.Release|Any CPU.ActiveCfg = Release|Any CPU
		{F2B541F4-3B58-4365-A784-0EA1B59910B7}.Release|Any CPU.Build.0 = Release|Any CPU
		{2D407423-AE55-46BA-B0E9-01E102C8410D}.Debug|Any CPU.ActiveCfg = Debug|Any CPU
		{2D407423-AE55-46BA-B0E9-01E102C8410D}.Debug|Any CPU.Build.0 = Debug|Any CPU
		{2D407423-AE55-46BA-B0E9-01E102C8410D}.Release|Any CPU.ActiveCfg = Release|Any CPU
		{2D407423-AE55-46BA-B0E9-01E102C8410D}.Release|Any CPU.Build.0 = Release|Any CPU
		{59C71231-4050-4E9D-B8F8-F41E8EA50F72}.Debug|Any CPU.ActiveCfg = Debug|Any CPU
		{59C71231-4050-4E9D-B8F8-F41E8EA50F72}.Debug|Any CPU.Build.0 = Debug|Any CPU
		{59C71231-4050-4E9D-B8F8-F41E8EA50F72}.Release|Any CPU.ActiveCfg = Release|Any CPU
		{59C71231-4050-4E9D-B8F8-F41E8EA50F72}.Release|Any CPU.Build.0 = Release|Any CPU
		{38A22343-4D76-4341-8C37-33D7A57D8233}.Debug|Any CPU.ActiveCfg = Debug|Any CPU
		{38A22343-4D76-4341-8C37-33D7A57D8233}.Debug|Any CPU.Build.0 = Debug|Any CPU
		{38A22343-4D76-4341-8C37-33D7A57D8233}.Release|Any CPU.ActiveCfg = Release|Any CPU
		{38A22343-4D76-4341-8C37-33D7A57D8233}.Release|Any CPU.Build.0 = Release|Any CPU
		{7200A022-294B-46D8-A1C3-08F9F89A6810}.Debug|Any CPU.ActiveCfg = Debug|Any CPU
		{7200A022-294B-46D8-A1C3-08F9F89A6810}.Debug|Any CPU.Build.0 = Debug|Any CPU
		{7200A022-294B-46D8-A1C3-08F9F89A6810}.Release|Any CPU.ActiveCfg = Release|Any CPU
		{7200A022-294B-46D8-A1C3-08F9F89A6810}.Release|Any CPU.Build.0 = Release|Any CPU
		{1719275A-FA74-4C73-BA49-A18BF9C96954}.Debug|Any CPU.ActiveCfg = Debug|Any CPU
		{1719275A-FA74-4C73-BA49-A18BF9C96954}.Debug|Any CPU.Build.0 = Debug|Any CPU
		{1719275A-FA74-4C73-BA49-A18BF9C96954}.Release|Any CPU.ActiveCfg = Release|Any CPU
		{1719275A-FA74-4C73-BA49-A18BF9C96954}.Release|Any CPU.Build.0 = Release|Any CPU
		{335698EB-F915-4480-A60F-562294544654}.Debug|Any CPU.ActiveCfg = Debug|Any CPU
		{335698EB-F915-4480-A60F-562294544654}.Debug|Any CPU.Build.0 = Debug|Any CPU
		{335698EB-F915-4480-A60F-562294544654}.Release|Any CPU.ActiveCfg = Release|Any CPU
		{335698EB-F915-4480-A60F-562294544654}.Release|Any CPU.Build.0 = Release|Any CPU
	EndGlobalSection
	GlobalSection(SolutionProperties) = preSolution
		HideSolutionNode = FALSE
	EndGlobalSection
	GlobalSection(ExtensibilityGlobals) = postSolution
		SolutionGuid = {47602FE3-7CE7-42AA-8F1A-5B0AC70C009F}
	EndGlobalSection
EndGlobal
