
Microsoft Visual Studio Solution File, Format Version 12.00
# Visual Studio Version 17
VisualStudioVersion = 17.8.34316.72
MinimumVisualStudioVersion = 10.0.40219.1
Project("{2150E333-8FDC-42A3-9474-1A3956D46DE8}") = "AspNetCore", "AspNetCore", "{200C7C1A-B23F-424E-B39D-11DF1AD4365A}"
EndProject
Project("{2150E333-8FDC-42A3-9474-1A3956D46DE8}") = "AppConsole", "AppConsole", "{F13530E1-CB7E-42FF-BE14-DE0DA69602D8}"
EndProject
Project("{9A19103F-16F7-4668-BE54-9A1E7A4F7556}") = "Basic", "src\8.x\AppConsole\Basic\Basic.csproj", "{6C9076F2-D1AF-4190-9E42-7A6536D3FD24}"
EndProject
Project("{9A19103F-16F7-4668-BE54-9A1E7A4F7556}") = "ConstructorInjection", "src\8.x\AppConsole\ConstructorInjection\ConstructorInjection.csproj", "{7A5DE142-9300-498F-837F-92BDE5A80D06}"
EndProject
Project("{9A19103F-16F7-4668-BE54-9A1E7A4F7556}") = "Generics", "src\8.x\AppConsole\Generics\Generics.csproj", "{E5CABA21-9FD6-4DCA-8CDE-CC4040A2043A}"
EndProject
Project("{9A19103F-16F7-4668-BE54-9A1E7A4F7556}") = "KeyedServices", "src\8.x\AppConsole\KeyedServices\KeyedServices.csproj", "{7919BD18-5CCB-4BDB-856F-552D0122E10D}"
EndProject
Project("{9A19103F-16F7-4668-BE54-9A1E7A4F7556}") = "Lifetimes", "src\8.x\AppConsole\Lifetimes\Lifetimes.csproj", "{6AAB9EDB-2E3F-4CD8-8928-9BD80FE44C74}"
EndProject
Project("{9A19103F-16F7-4668-BE54-9A1E7A4F7556}") = "MultipleConstructor", "src\8.x\AppConsole\MultipleConstructor\MultipleConstructor.csproj", "{A99C59E3-9097-4A55-89F4-B6AB8FB57206}"
EndProject
Project("{9A19103F-16F7-4668-BE54-9A1E7A4F7556}") = "MultipleImplementations", "src\8.x\AppConsole\MultipleImplementations\MultipleImplementations.csproj", "{665513CD-DE54-4EF6-B911-B0669643D5E9}"
EndProject
Project("{9A19103F-16F7-4668-BE54-9A1E7A4F7556}") = "Options", "src\8.x\AppConsole\Options\Options.csproj", "{787CF73C-79DD-4BE4-9652-002638A1527E}"
EndProject
Project("{9A19103F-16F7-4668-BE54-9A1E7A4F7556}") = "RegisterGroups", "src\8.x\AppConsole\RegisterGroups\RegisterGroups.csproj", "{2AC6ACAE-D2B1-4DE1-BDA8-BA8C44FEDF49}"
EndProject
Project("{9A19103F-16F7-4668-BE54-9A1E7A4F7556}") = "RegistrationMethods", "src\8.x\AppConsole\RegistrationMethods\RegistrationMethods.csproj", "{10514C2C-07BD-4278-8696-43032BC56308}"
EndProject
Project("{9A19103F-16F7-4668-BE54-9A1E7A4F7556}") = "ServiceDescriptor", "src\8.x\AppConsole\ServiceDescriptor\ServiceDescriptor.csproj", "{9F08132F-5C47-4FCE-AC3C-4B626381DFBC}"
EndProject
Project("{9A19103F-16F7-4668-BE54-9A1E7A4F7556}") = "ConstructorInjection", "src\8.x\AspNetCore\ConstructorInjection\ConstructorInjection.csproj", "{7F6AE5F0-67A7-49D3-80E5-5296C29EF52D}"
EndProject
Project("{9A19103F-16F7-4668-BE54-9A1E7A4F7556}") = "RegisterGroups", "src\8.x\AspNetCore\RegisterGroups\RegisterGroups.csproj", "{BC14DD88-F103-45C4-B62E-92F6C75D9E19}"
EndProject
Project("{9A19103F-16F7-4668-BE54-9A1E7A4F7556}") = "DbContext", "src\8.x\AspNetCore\DbContext\DbContext.csproj", "{843BEA18-C4CE-4FC0-B546-796C215B5334}"
EndProject
Project("{9A19103F-16F7-4668-BE54-9A1E7A4F7556}") = "Options", "src\8.x\AspNetCore\Options\Options.csproj", "{1F15BC4C-8B40-402D-AA39-2D82F18C708B}"
EndProject
Project("{9A19103F-16F7-4668-BE54-9A1E7A4F7556}") = "Lifetimes", "src\8.x\AspNetCore\Lifetimes\Lifetimes.csproj", "{57ABBDC7-739B-4CBC-86D4-90F3D96A91D9}"
EndProject
Project("{2150E333-8FDC-42A3-9474-1A3956D46DE8}") = "Tests", "Tests", "{9E312C00-9C57-4388-AB8C-508C26E808F4}"
EndProject
Global
	GlobalSection(SolutionConfigurationPlatforms) = preSolution
		Debug|Any CPU = Debug|Any CPU
		Release|Any CPU = Release|Any CPU
	EndGlobalSection
	GlobalSection(ProjectConfigurationPlatforms) = postSolution
		{6C9076F2-D1AF-4190-9E42-7A6536D3FD24}.Debug|Any CPU.ActiveCfg = Debug|Any CPU
		{6C9076F2-D1AF-4190-9E42-7A6536D3FD24}.Debug|Any CPU.Build.0 = Debug|Any CPU
		{6C9076F2-D1AF-4190-9E42-7A6536D3FD24}.Release|Any CPU.ActiveCfg = Release|Any CPU
		{6C9076F2-D1AF-4190-9E42-7A6536D3FD24}.Release|Any CPU.Build.0 = Release|Any CPU
		{7A5DE142-9300-498F-837F-92BDE5A80D06}.Debug|Any CPU.ActiveCfg = Debug|Any CPU
		{7A5DE142-9300-498F-837F-92BDE5A80D06}.Debug|Any CPU.Build.0 = Debug|Any CPU
		{7A5DE142-9300-498F-837F-92BDE5A80D06}.Release|Any CPU.ActiveCfg = Release|Any CPU
		{7A5DE142-9300-498F-837F-92BDE5A80D06}.Release|Any CPU.Build.0 = Release|Any CPU
		{E5CABA21-9FD6-4DCA-8CDE-CC4040A2043A}.Debug|Any CPU.ActiveCfg = Debug|Any CPU
		{E5CABA21-9FD6-4DCA-8CDE-CC4040A2043A}.Debug|Any CPU.Build.0 = Debug|Any CPU
		{E5CABA21-9FD6-4DCA-8CDE-CC4040A2043A}.Release|Any CPU.ActiveCfg = Release|Any CPU
		{E5CABA21-9FD6-4DCA-8CDE-CC4040A2043A}.Release|Any CPU.Build.0 = Release|Any CPU
		{7919BD18-5CCB-4BDB-856F-552D0122E10D}.Debug|Any CPU.ActiveCfg = Debug|Any CPU
		{7919BD18-5CCB-4BDB-856F-552D0122E10D}.Debug|Any CPU.Build.0 = Debug|Any CPU
		{7919BD18-5CCB-4BDB-856F-552D0122E10D}.Release|Any CPU.ActiveCfg = Release|Any CPU
		{7919BD18-5CCB-4BDB-856F-552D0122E10D}.Release|Any CPU.Build.0 = Release|Any CPU
		{6AAB9EDB-2E3F-4CD8-8928-9BD80FE44C74}.Debug|Any CPU.ActiveCfg = Debug|Any CPU
		{6AAB9EDB-2E3F-4CD8-8928-9BD80FE44C74}.Debug|Any CPU.Build.0 = Debug|Any CPU
		{6AAB9EDB-2E3F-4CD8-8928-9BD80FE44C74}.Release|Any CPU.ActiveCfg = Release|Any CPU
		{6AAB9EDB-2E3F-4CD8-8928-9BD80FE44C74}.Release|Any CPU.Build.0 = Release|Any CPU
		{A99C59E3-9097-4A55-89F4-B6AB8FB57206}.Debug|Any CPU.ActiveCfg = Debug|Any CPU
		{A99C59E3-9097-4A55-89F4-B6AB8FB57206}.Debug|Any CPU.Build.0 = Debug|Any CPU
		{A99C59E3-9097-4A55-89F4-B6AB8FB57206}.Release|Any CPU.ActiveCfg = Release|Any CPU
		{A99C59E3-9097-4A55-89F4-B6AB8FB57206}.Release|Any CPU.Build.0 = Release|Any CPU
		{665513CD-DE54-4EF6-B911-B0669643D5E9}.Debug|Any CPU.ActiveCfg = Debug|Any CPU
		{665513CD-DE54-4EF6-B911-B0669643D5E9}.Debug|Any CPU.Build.0 = Debug|Any CPU
		{665513CD-DE54-4EF6-B911-B0669643D5E9}.Release|Any CPU.ActiveCfg = Release|Any CPU
		{665513CD-DE54-4EF6-B911-B0669643D5E9}.Release|Any CPU.Build.0 = Release|Any CPU
		{787CF73C-79DD-4BE4-9652-002638A1527E}.Debug|Any CPU.ActiveCfg = Debug|Any CPU
		{787CF73C-79DD-4BE4-9652-002638A1527E}.Debug|Any CPU.Build.0 = Debug|Any CPU
		{787CF73C-79DD-4BE4-9652-002638A1527E}.Release|Any CPU.ActiveCfg = Release|Any CPU
		{787CF73C-79DD-4BE4-9652-002638A1527E}.Release|Any CPU.Build.0 = Release|Any CPU
		{2AC6ACAE-D2B1-4DE1-BDA8-BA8C44FEDF49}.Debug|Any CPU.ActiveCfg = Debug|Any CPU
		{2AC6ACAE-D2B1-4DE1-BDA8-BA8C44FEDF49}.Debug|Any CPU.Build.0 = Debug|Any CPU
		{2AC6ACAE-D2B1-4DE1-BDA8-BA8C44FEDF49}.Release|Any CPU.ActiveCfg = Release|Any CPU
		{2AC6ACAE-D2B1-4DE1-BDA8-BA8C44FEDF49}.Release|Any CPU.Build.0 = Release|Any CPU
		{10514C2C-07BD-4278-8696-43032BC56308}.Debug|Any CPU.ActiveCfg = Debug|Any CPU
		{10514C2C-07BD-4278-8696-43032BC56308}.Debug|Any CPU.Build.0 = Debug|Any CPU
		{10514C2C-07BD-4278-8696-43032BC56308}.Release|Any CPU.ActiveCfg = Release|Any CPU
		{10514C2C-07BD-4278-8696-43032BC56308}.Release|Any CPU.Build.0 = Release|Any CPU
		{9F08132F-5C47-4FCE-AC3C-4B626381DFBC}.Debug|Any CPU.ActiveCfg = Debug|Any CPU
		{9F08132F-5C47-4FCE-AC3C-4B626381DFBC}.Debug|Any CPU.Build.0 = Debug|Any CPU
		{9F08132F-5C47-4FCE-AC3C-4B626381DFBC}.Release|Any CPU.ActiveCfg = Release|Any CPU
		{9F08132F-5C47-4FCE-AC3C-4B626381DFBC}.Release|Any CPU.Build.0 = Release|Any CPU
		{7F6AE5F0-67A7-49D3-80E5-5296C29EF52D}.Debug|Any CPU.ActiveCfg = Debug|Any CPU
		{7F6AE5F0-67A7-49D3-80E5-5296C29EF52D}.Debug|Any CPU.Build.0 = Debug|Any CPU
		{7F6AE5F0-67A7-49D3-80E5-5296C29EF52D}.Release|Any CPU.ActiveCfg = Release|Any CPU
		{7F6AE5F0-67A7-49D3-80E5-5296C29EF52D}.Release|Any CPU.Build.0 = Release|Any CPU
		{BC14DD88-F103-45C4-B62E-92F6C75D9E19}.Debug|Any CPU.ActiveCfg = Debug|Any CPU
		{BC14DD88-F103-45C4-B62E-92F6C75D9E19}.Debug|Any CPU.Build.0 = Debug|Any CPU
		{BC14DD88-F103-45C4-B62E-92F6C75D9E19}.Release|Any CPU.ActiveCfg = Release|Any CPU
		{BC14DD88-F103-45C4-B62E-92F6C75D9E19}.Release|Any CPU.Build.0 = Release|Any CPU
		{843BEA18-C4CE-4FC0-B546-796C215B5334}.Debug|Any CPU.ActiveCfg = Debug|Any CPU
		{843BEA18-C4CE-4FC0-B546-796C215B5334}.Debug|Any CPU.Build.0 = Debug|Any CPU
		{843BEA18-C4CE-4FC0-B546-796C215B5334}.Release|Any CPU.ActiveCfg = Release|Any CPU
		{843BEA18-C4CE-4FC0-B546-796C215B5334}.Release|Any CPU.Build.0 = Release|Any CPU
		{1F15BC4C-8B40-402D-AA39-2D82F18C708B}.Debug|Any CPU.ActiveCfg = Debug|Any CPU
		{1F15BC4C-8B40-402D-AA39-2D82F18C708B}.Debug|Any CPU.Build.0 = Debug|Any CPU
		{1F15BC4C-8B40-402D-AA39-2D82F18C708B}.Release|Any CPU.ActiveCfg = Release|Any CPU
		{1F15BC4C-8B40-402D-AA39-2D82F18C708B}.Release|Any CPU.Build.0 = Release|Any CPU
		{57ABBDC7-739B-4CBC-86D4-90F3D96A91D9}.Debug|Any CPU.ActiveCfg = Debug|Any CPU
		{57ABBDC7-739B-4CBC-86D4-90F3D96A91D9}.Debug|Any CPU.Build.0 = Debug|Any CPU
		{57ABBDC7-739B-4CBC-86D4-90F3D96A91D9}.Release|Any CPU.ActiveCfg = Release|Any CPU
		{57ABBDC7-739B-4CBC-86D4-90F3D96A91D9}.Release|Any CPU.Build.0 = Release|Any CPU
	EndGlobalSection
	GlobalSection(SolutionProperties) = preSolution
		HideSolutionNode = FALSE
	EndGlobalSection
	GlobalSection(NestedProjects) = preSolution
		{6C9076F2-D1AF-4190-9E42-7A6536D3FD24} = {F13530E1-CB7E-42FF-BE14-DE0DA69602D8}
		{7A5DE142-9300-498F-837F-92BDE5A80D06} = {F13530E1-CB7E-42FF-BE14-DE0DA69602D8}
		{E5CABA21-9FD6-4DCA-8CDE-CC4040A2043A} = {F13530E1-CB7E-42FF-BE14-DE0DA69602D8}
		{7919BD18-5CCB-4BDB-856F-552D0122E10D} = {F13530E1-CB7E-42FF-BE14-DE0DA69602D8}
		{6AAB9EDB-2E3F-4CD8-8928-9BD80FE44C74} = {F13530E1-CB7E-42FF-BE14-DE0DA69602D8}
		{A99C59E3-9097-4A55-89F4-B6AB8FB57206} = {F13530E1-CB7E-42FF-BE14-DE0DA69602D8}
		{665513CD-DE54-4EF6-B911-B0669643D5E9} = {F13530E1-CB7E-42FF-BE14-DE0DA69602D8}
		{787CF73C-79DD-4BE4-9652-002638A1527E} = {F13530E1-CB7E-42FF-BE14-DE0DA69602D8}
		{2AC6ACAE-D2B1-4DE1-BDA8-BA8C44FEDF49} = {F13530E1-CB7E-42FF-BE14-DE0DA69602D8}
		{10514C2C-07BD-4278-8696-43032BC56308} = {F13530E1-CB7E-42FF-BE14-DE0DA69602D8}
		{9F08132F-5C47-4FCE-AC3C-4B626381DFBC} = {F13530E1-CB7E-42FF-BE14-DE0DA69602D8}
		{7F6AE5F0-67A7-49D3-80E5-5296C29EF52D} = {200C7C1A-B23F-424E-B39D-11DF1AD4365A}
		{BC14DD88-F103-45C4-B62E-92F6C75D9E19} = {200C7C1A-B23F-424E-B39D-11DF1AD4365A}
		{843BEA18-C4CE-4FC0-B546-796C215B5334} = {200C7C1A-B23F-424E-B39D-11DF1AD4365A}
		{1F15BC4C-8B40-402D-AA39-2D82F18C708B} = {200C7C1A-B23F-424E-B39D-11DF1AD4365A}
		{57ABBDC7-739B-4CBC-86D4-90F3D96A91D9} = {200C7C1A-B23F-424E-B39D-11DF1AD4365A}
	EndGlobalSection
	GlobalSection(ExtensibilityGlobals) = postSolution
		SolutionGuid = {47602FE3-7CE7-42AA-8F1A-5B0AC70C009F}
	EndGlobalSection
EndGlobal
